{
  "name": "@thetigeregg/dev-cli",
  "version": "0.4.3",
  "lockfileVersion": 3,
  "requires": true,
  "packages": {
    "": {
      "name": "@thetigeregg/dev-cli",
      "version": "0.4.3",
      "license": "MIT",
      "bin": {
        "devx": "src/index.mjs"
      },
      "engines": {
        "node": ">=20.17"
      }
    }
  }
}
