{
  "name": "@thetigeregg/dev-cli",
  "version": "0.1.0",
  "lockfileVersion": 3,
  "requires": true,
  "packages": {
    "": {
      "name": "@thetigeregg/dev-cli",
      "version": "0.1.0",
      "license": "UNLICENSED",
      "bin": {
        "devx": "src/index.mjs"
      },
      "engines": {
        "node": ">=18"
      }
    }
  }
}
